// !$*UTF8*$!
{
	archiveVersion = 1;
	classes = {
	};
	objectVersion = 56;
	objects = {

/* Begin PBXBuildFile section */
		117F09CF297FFD500058EE17 /* AppDelegate.swift in Sources */ = {isa = PBXBuildFile; fileRef = 117F09CE297FFD500058EE17 /* AppDelegate.swift */; };
		117F09D1297FFD500058EE17 /* SceneDelegate.swift in Sources */ = {isa = PBXBuildFile; fileRef = 117F09D0297FFD500058EE17 /* SceneDelegate.swift */; };
		117F09D3297FFD500058EE17 /* ViewController.swift in Sources */ = {isa = PBXBuildFile; fileRef = 117F09D2297FFD500058EE17 /* ViewController.swift */; };
		117F09D6297FFD500058EE17 /* Main.storyboard in Resources */ = {isa = PBXBuildFile; fileRef = 117F09D4297FFD500058EE17 /* Main.storyboard */; };
		117F09D8297FFD520058EE17 /* Assets.xcassets in Resources */ = {isa = PBXBuildFile; fileRef = 117F09D7297FFD520058EE17 /* Assets.xcassets */; };
		117F09DB297FFD520058EE17 /* LaunchScreen.storyboard in Resources */ = {isa = PBXBuildFile; fileRef = 117F09D9297FFD520058EE17 /* LaunchScreen.storyboard */; };
		117F09E6297FFD520058EE17 /* ChatAppTests.swift in Sources */ = {isa = PBXBuildFile; fileRef = 117F09E5297FFD520058EE17 /* ChatAppTests.swift */; };
		117F09F0297FFD520058EE17 /* ChatAppUITests.swift in Sources */ = {isa = PBXBuildFile; fileRef = 117F09EF297FFD520058EE17 /* ChatAppUITests.swift */; };
		117F09F2297FFD520058EE17 /* ChatAppUITestsLaunchTests.swift in Sources */ = {isa = PBXBuildFile; fileRef = 117F09F1297FFD520058EE17 /* ChatAppUITestsLaunchTests.swift */; };
		117F0A0629800BF80058EE17 /* ConversationsViewController.swift in Sources */ = {isa = PBXBuildFile; fileRef = 117F0A0529800BF80058EE17 /* ConversationsViewController.swift */; };
/* End PBXBuildFile section */

/* Begin PBXContainerItemProxy section */
		117F09E2297FFD520058EE17 /* PBXContainerItemProxy */ = {
			isa = PBXContainerItemProxy;
			containerPortal = 117F09C3297FFD500058EE17 /* Project object */;
			proxyType = 1;
			remoteGlobalIDString = 117F09CA297FFD500058EE17;
			remoteInfo = ChatApp;
		};
		117F09EC297FFD520058EE17 /* PBXContainerItemProxy */ = {
			isa = PBXContainerItemProxy;
			containerPortal = 117F09C3297FFD500058EE17 /* Project object */;
			proxyType = 1;
			remoteGlobalIDString = 117F09CA297FFD500058EE17;
			remoteInfo = ChatApp;
		};
/* End PBXContainerItemProxy section */

/* Begin PBXFileReference section */
		117F09CB297FFD500058EE17 /* ChatApp.app */ = {isa = PBXFileReference; explicitFileType = wrapper.application; includeInIndex = 0; path = ChatApp.app; sourceTree = BUILT_PRODUCTS_DIR; };
		117F09CE297FFD500058EE17 /* AppDelegate.swift */ = {isa = PBXFileReference; lastKnownFileType = sourcecode.swift; path = AppDelegate.swift; sourceTree = "<group>"; };
		117F09D0297FFD500058EE17 /* SceneDelegate.swift */ = {isa = PBXFileReference; lastKnownFileType = sourcecode.swift; path = SceneDelegate.swift; sourceTree = "<group>"; };
		117F09D2297FFD500058EE17 /* ViewController.swift */ = {isa = PBXFileReference; lastKnownFileType = sourcecode.swift; path = ViewController.swift; sourceTree = "<group>"; };
		117F09D5297FFD500058EE17 /* Base */ = {isa = PBXFileReference; lastKnownFileType = file.storyboard; name = Base; path = Base.lproj/Main.storyboard; sourceTree = "<group>"; };
		117F09D7297FFD520058EE17 /* Assets.xcassets */ = {isa = PBXFileReference; lastKnownFileType = folder.assetcatalog; path = Assets.xcassets; sourceTree = "<group>"; };
		117F09DA297FFD520058EE17 /* Base */ = {isa = PBXFileReference; lastKnownFileType = file.storyboard; name = Base; path = Base.lproj/LaunchScreen.storyboard; sourceTree = "<group>"; };
		117F09DC297FFD520058EE17 /* Info.plist */ = {isa = PBXFileReference; lastKnownFileType = text.plist.xml; path = Info.plist; sourceTree = "<group>"; };
		117F09E1297FFD520058EE17 /* ChatAppTests.xctest */ = {isa = PBXFileReference; explicitFileType = wrapper.cfbundle; includeInIndex = 0; path = ChatAppTests.xctest; sourceTree = BUILT_PRODUCTS_DIR; };
		117F09E5297FFD520058EE17 /* ChatAppTests.swift */ = {isa = PBXFileReference; lastKnownFileType = sourcecode.swift; path = ChatAppTests.swift; sourceTree = "<group>"; };
		117F09EB297FFD520058EE17 /* ChatAppUITests.xctest */ = {isa = PBXFileReference; explicitFileType = wrapper.cfbundle; includeInIndex = 0; path = ChatAppUITests.xctest; sourceTree = BUILT_PRODUCTS_DIR; };
		117F09EF297FFD520058EE17 /* ChatAppUITests.swift */ = {isa = PBXFileReference; lastKnownFileType = sourcecode.swift; path = ChatAppUITests.swift; sourceTree = "<group>"; };
		117F09F1297FFD520058EE17 /* ChatAppUITestsLaunchTests.swift */ = {isa = PBXFileReference; lastKnownFileType = sourcecode.swift; path = ChatAppUITestsLaunchTests.swift; sourceTree = "<group>"; };
		117F0A0529800BF80058EE17 /* ConversationsViewController.swift */ = {isa = PBXFileReference; lastKnownFileType = sourcecode.swift; path = ConversationsViewController.swift; sourceTree = "<group>"; };
/* End PBXFileReference section */

/* Begin PBXFrameworksBuildPhase section */
		117F09C8297FFD500058EE17 /* Frameworks */ = {
			isa = PBXFrameworksBuildPhase;
			buildActionMask = 2147483647;
			files = (
			);
			runOnlyForDeploymentPostprocessing = 0;
		};
		117F09DE297FFD520058EE17 /* Frameworks */ = {
			isa = PBXFrameworksBuildPhase;
			buildActionMask = 2147483647;
			files = (
			);
			runOnlyForDeploymentPostprocessing = 0;
		};
		117F09E8297FFD520058EE17 /* Frameworks */ = {
			isa = PBXFrameworksBuildPhase;
			buildActionMask = 2147483647;
			files = (
			);
			runOnlyForDeploymentPostprocessing = 0;
		};
/* End PBXFrameworksBuildPhase section */

/* Begin PBXGroup section */
		117F09C2297FFD500058EE17 = {
			isa = PBXGroup;
			children = (
				117F09CD297FFD500058EE17 /* ChatApp */,
				117F09E4297FFD520058EE17 /* ChatAppTests */,
				117F09EE297FFD520058EE17 /* ChatAppUITests */,
				117F09CC297FFD500058EE17 /* Products */,
			);
			sourceTree = "<group>";
		};
		117F09CC297FFD500058EE17 /* Products */ = {
			isa = PBXGroup;
			children = (
				117F09CB297FFD500058EE17 /* ChatApp.app */,
				117F09E1297FFD520058EE17 /* ChatAppTests.xctest */,
				117F09EB297FFD520058EE17 /* ChatAppUITests.xctest */,
			);
			name = Products;
			sourceTree = "<group>";
		};
		117F09CD297FFD500058EE17 /* ChatApp */ = {
			isa = PBXGroup;
			children = (
				117F0A0429800B080058EE17 /* Utils */,
				117F0A0329800AA80058EE17 /* Model */,
				117F0A0229800AA40058EE17 /* View */,
				117F0A0129800A9B0058EE17 /* ViewModel */,
				117F0A0029800A9A0058EE17 /* Controller */,
				117F09FE29800A8C0058EE17 /* Repository */,
				117F09CE297FFD500058EE17 /* AppDelegate.swift */,
				117F09D0297FFD500058EE17 /* SceneDelegate.swift */,
				117F09D2297FFD500058EE17 /* ViewController.swift */,
				117F09D4297FFD500058EE17 /* Main.storyboard */,
				117F09D7297FFD520058EE17 /* Assets.xcassets */,
				117F09D9297FFD520058EE17 /* LaunchScreen.storyboard */,
				117F09DC297FFD520058EE17 /* Info.plist */,
			);
			path = ChatApp;
			sourceTree = "<group>";
		};
		117F09E4297FFD520058EE17 /* ChatAppTests */ = {
			isa = PBXGroup;
			children = (
				117F09E5297FFD520058EE17 /* ChatAppTests.swift */,
			);
			path = ChatAppTests;
			sourceTree = "<group>";
		};
		117F09EE297FFD520058EE17 /* ChatAppUITests */ = {
			isa = PBXGroup;
			children = (
				117F09EF297FFD520058EE17 /* ChatAppUITests.swift */,
				117F09F1297FFD520058EE17 /* ChatAppUITestsLaunchTests.swift */,
			);
			path = ChatAppUITests;
			sourceTree = "<group>";
		};
		117F09FE29800A8C0058EE17 /* Repository */ = {
			isa = PBXGroup;
			children = (
			);
			path = Repository;
			sourceTree = "<group>";
		};
		117F0A0029800A9A0058EE17 /* Controller */ = {
			isa = PBXGroup;
			children = (
				117F0A0529800BF80058EE17 /* ConversationsViewController.swift */,
			);
			path = Controller;
			sourceTree = "<group>";
		};
		117F0A0129800A9B0058EE17 /* ViewModel */ = {
			isa = PBXGroup;
			children = (
			);
			path = ViewModel;
			sourceTree = "<group>";
		};
		117F0A0229800AA40058EE17 /* View */ = {
			isa = PBXGroup;
			children = (
			);
			path = View;
			sourceTree = "<group>";
		};
		117F0A0329800AA80058EE17 /* Model */ = {
			isa = PBXGroup;
			children = (
			);
			path = Model;
			sourceTree = "<group>";
		};
		117F0A0429800B080058EE17 /* Utils */ = {
			isa = PBXGroup;
			children = (
			);
			path = Utils;
			sourceTree = "<group>";
		};
/* End PBXGroup section */

/* Begin PBXNativeTarget section */
		117F09CA297FFD500058EE17 /* ChatApp */ = {
			isa = PBXNativeTarget;
			buildConfigurationList = 117F09F5297FFD520058EE17 /* Build configuration list for PBXNativeTarget "ChatApp" */;
			buildPhases = (
				117F09C7297FFD500058EE17 /* Sources */,
				117F09C8297FFD500058EE17 /* Frameworks */,
				117F09C9297FFD500058EE17 /* Resources */,
			);
			buildRules = (
			);
			dependencies = (
			);
			name = ChatApp;
			productName = ChatApp;
			productReference = 117F09CB297FFD500058EE17 /* ChatApp.app */;
			productType = "com.apple.product-type.application";
		};
		117F09E0297FFD520058EE17 /* ChatAppTests */ = {
			isa = PBXNativeTarget;
			buildConfigurationList = 117F09F8297FFD520058EE17 /* Build configuration list for PBXNativeTarget "ChatAppTests" */;
			buildPhases = (
				117F09DD297FFD520058EE17 /* Sources */,
				117F09DE297FFD520058EE17 /* Frameworks */,
				117F09DF297FFD520058EE17 /* Resources */,
			);
			buildRules = (
			);
			dependencies = (
				117F09E3297FFD520058EE17 /* PBXTargetDependency */,
			);
			name = ChatAppTests;
			productName = ChatAppTests;
			productReference = 117F09E1297FFD520058EE17 /* ChatAppTests.xctest */;
			productType = "com.apple.product-type.bundle.unit-test";
		};
		117F09EA297FFD520058EE17 /* ChatAppUITests */ = {
			isa = PBXNativeTarget;
			buildConfigurationList = 117F09FB297FFD520058EE17 /* Build configuration list for PBXNativeTarget "ChatAppUITests" */;
			buildPhases = (
				117F09E7297FFD520058EE17 /* Sources */,
				117F09E8297FFD520058EE17 /* Frameworks */,
				117F09E9297FFD520058EE17 /* Resources */,
			);
			buildRules = (
			);
			dependencies = (
				117F09ED297FFD520058EE17 /* PBXTargetDependency */,
			);
			name = ChatAppUITests;
			productName = ChatAppUITests;
			productReference = 117F09EB297FFD520058EE17 /* ChatAppUITests.xctest */;
			productType = "com.apple.product-type.bundle.ui-testing";
		};
/* End PBXNativeTarget section */

/* Begin PBXProject section */
		117F09C3297FFD500058EE17 /* Project object */ = {
			isa = PBXProject;
			attributes = {
				BuildIndependentTargetsInParallel = 1;
				LastSwiftUpdateCheck = 1410;
				LastUpgradeCheck = 1410;
				TargetAttributes = {
					117F09CA297FFD500058EE17 = {
						CreatedOnToolsVersion = 14.1;
					};
					117F09E0297FFD520058EE17 = {
						CreatedOnToolsVersion = 14.1;
						TestTargetID = 117F09CA297FFD500058EE17;
					};
					117F09EA297FFD520058EE17 = {
						CreatedOnToolsVersion = 14.1;
						TestTargetID = 117F09CA297FFD500058EE17;
					};
				};
			};
			buildConfigurationList = 117F09C6297FFD500058EE17 /* Build configuration list for PBXProject "ChatApp" */;
			compatibilityVersion = "Xcode 14.0";
			developmentRegion = en;
			hasScannedForEncodings = 0;
			knownRegions = (
				en,
				Base,
			);
			mainGroup = 117F09C2297FFD500058EE17;
			productRefGroup = 117F09CC297FFD500058EE17 /* Products */;
			projectDirPath = "";
			projectRoot = "";
			targets = (
				117F09CA297FFD500058EE17 /* ChatApp */,
				117F09E0297FFD520058EE17 /* ChatAppTests */,
				117F09EA297FFD520058EE17 /* ChatAppUITests */,
			);
		};
/* End PBXProject section */

/* Begin PBXResourcesBuildPhase section */
		117F09C9297FFD500058EE17 /* Resources */ = {
			isa = PBXResourcesBuildPhase;
			buildActionMask = 2147483647;
			files = (
				117F09DB297FFD520058EE17 /* LaunchScreen.storyboard in Resources */,
				117F09D8297FFD520058EE17 /* Assets.xcassets in Resources */,
				117F09D6297FFD500058EE17 /* Main.storyboard in Resources */,
			);
			runOnlyForDeploymentPostprocessing = 0;
		};
		117F09DF297FFD520058EE17 /* Resources */ = {
			isa = PBXResourcesBuildPhase;
			buildActionMask = 2147483647;
			files = (
			);
			runOnlyForDeploymentPostprocessing = 0;
		};
		117F09E9297FFD520058EE17 /* Resources */ = {
			isa = PBXResourcesBuildPhase;
			buildActionMask = 2147483647;
			files = (
			);
			runOnlyForDeploymentPostprocessing = 0;
		};
/* End PBXResourcesBuildPhase section */

/* Begin PBXSourcesBuildPhase section */
		117F09C7297FFD500058EE17 /* Sources */ = {
			isa = PBXSourcesBuildPhase;
			buildActionMask = 2147483647;
			files = (
				117F09D3297FFD500058EE17 /* ViewController.swift in Sources */,
				117F09CF297FFD500058EE17 /* AppDelegate.swift in Sources */,
				117F09D1297FFD500058EE17 /* SceneDelegate.swift in Sources */,
				117F0A0629800BF80058EE17 /* ConversationsViewController.swift in Sources */,
			);
			runOnlyForDeploymentPostprocessing = 0;
		};
		117F09DD297FFD520058EE17 /* Sources */ = {
			isa = PBXSourcesBuildPhase;
			buildActionMask = 2147483647;
			files = (
				117F09E6297FFD520058EE17 /* ChatAppTests.swift in Sources */,
			);
			runOnlyForDeploymentPostprocessing = 0;
		};
		117F09E7297FFD520058EE17 /* Sources */ = {
			isa = PBXSourcesBuildPhase;
			buildActionMask = 2147483647;
			files = (
				117F09F2297FFD520058EE17 /* ChatAppUITestsLaunchTests.swift in Sources */,
				117F09F0297FFD520058EE17 /* ChatAppUITests.swift in Sources */,
			);
			runOnlyForDeploymentPostprocessing = 0;
		};
/* End PBXSourcesBuildPhase section */

/* Begin PBXTargetDependency section */
		117F09E3297FFD520058EE17 /* PBXTargetDependency */ = {
			isa = PBXTargetDependency;
			target = 117F09CA297FFD500058EE17 /* ChatApp */;
			targetProxy = 117F09E2297FFD520058EE17 /* PBXContainerItemProxy */;
		};
		117F09ED297FFD520058EE17 /* PBXTargetDependency */ = {
			isa = PBXTargetDependency;
			target = 117F09CA297FFD500058EE17 /* ChatApp */;
			targetProxy = 117F09EC297FFD520058EE17 /* PBXContainerItemProxy */;
		};
/* End PBXTargetDependency section */

/* Begin PBXVariantGroup section */
		117F09D4297FFD500058EE17 /* Main.storyboard */ = {
			isa = PBXVariantGroup;
			children = (
				117F09D5297FFD500058EE17 /* Base */,
			);
			name = Main.storyboard;
			sourceTree = "<group>";
		};
		117F09D9297FFD520058EE17 /* LaunchScreen.storyboard */ = {
			isa = PBXVariantGroup;
			children = (
				117F09DA297FFD520058EE17 /* Base */,
			);
			name = LaunchScreen.storyboard;
			sourceTree = "<group>";
		};
/* End PBXVariantGroup section */

/* Begin XCBuildConfiguration section */
		117F09F3297FFD520058EE17 /* Debug */ = {
			isa = XCBuildConfiguration;
			buildSettings = {
				ALWAYS_SEARCH_USER_PATHS = NO;
				CLANG_ANALYZER_NONNULL = YES;
				CLANG_ANALYZER_NUMBER_OBJECT_CONVERSION = YES_AGGRESSIVE;
				CLANG_CXX_LANGUAGE_STANDARD = "gnu++20";
				CLANG_ENABLE_MODULES = YES;
				CLANG_ENABLE_OBJC_ARC = YES;
				CLANG_ENABLE_OBJC_WEAK = YES;
				CLANG_WARN_BLOCK_CAPTURE_AUTORELEASING = YES;
				CLANG_WARN_BOOL_CONVERSION = YES;
				CLANG_WARN_COMMA = YES;
				CLANG_WARN_CONSTANT_CONVERSION = YES;
				CLANG_WARN_DEPRECATED_OBJC_IMPLEMENTATIONS = YES;
				CLANG_WARN_DIRECT_OBJC_ISA_USAGE = YES_ERROR;
				CLANG_WARN_DOCUMENTATION_COMMENTS = YES;
				CLANG_WARN_EMPTY_BODY = YES;
				CLANG_WARN_ENUM_CONVERSION = YES;
				CLANG_WARN_INFINITE_RECURSION = YES;
				CLANG_WARN_INT_CONVERSION = YES;
				CLANG_WARN_NON_LITERAL_NULL_CONVERSION = YES;
				CLANG_WARN_OBJC_IMPLICIT_RETAIN_SELF = YES;
				CLANG_WARN_OBJC_LITERAL_CONVERSION = YES;
				CLANG_WARN_OBJC_ROOT_CLASS = YES_ERROR;
				CLANG_WARN_QUOTED_INCLUDE_IN_FRAMEWORK_HEADER = YES;
				CLANG_WARN_RANGE_LOOP_ANALYSIS = YES;
				CLANG_WARN_STRICT_PROTOTYPES = YES;
				CLANG_WARN_SUSPICIOUS_MOVE = YES;
				CLANG_WARN_UNGUARDED_AVAILABILITY = YES_AGGRESSIVE;
				CLANG_WARN_UNREACHABLE_CODE = YES;
				CLANG_WARN__DUPLICATE_METHOD_MATCH = YES;
				COPY_PHASE_STRIP = NO;
				DEBUG_INFORMATION_FORMAT = dwarf;
				ENABLE_STRICT_OBJC_MSGSEND = YES;
				ENABLE_TESTABILITY = YES;
				GCC_C_LANGUAGE_STANDARD = gnu11;
				GCC_DYNAMIC_NO_PIC = NO;
				GCC_NO_COMMON_BLOCKS = YES;
				GCC_OPTIMIZATION_LEVEL = 0;
				GCC_PREPROCESSOR_DEFINITIONS = (
					"DEBUG=1",
					"$(inherited)",
				);
				GCC_WARN_64_TO_32_BIT_CONVERSION = YES;
				GCC_WARN_ABOUT_RETURN_TYPE = YES_ERROR;
				GCC_WARN_UNDECLARED_SELECTOR = YES;
				GCC_WARN_UNINITIALIZED_AUTOS = YES_AGGRESSIVE;
				GCC_WARN_UNUSED_FUNCTION = YES;
				GCC_WARN_UNUSED_VARIABLE = YES;
				IPHONEOS_DEPLOYMENT_TARGET = 16.1;
				MTL_ENABLE_DEBUG_INFO = INCLUDE_SOURCE;
				MTL_FAST_MATH = YES;
				ONLY_ACTIVE_ARCH = YES;
				SDKROOT = iphoneos;
				SWIFT_ACTIVE_COMPILATION_CONDITIONS = DEBUG;
				SWIFT_OPTIMIZATION_LEVEL = "-Onone";
			};
			name = Debug;
		};
		117F09F4297FFD520058EE17 /* Release */ = {
			isa = XCBuildConfiguration;
			buildSettings = {
				ALWAYS_SEARCH_USER_PATHS = NO;
				CLANG_ANALYZER_NONNULL = YES;
				CLANG_ANALYZER_NUMBER_OBJECT_CONVERSION = YES_AGGRESSIVE;
				CLANG_CXX_LANGUAGE_STANDARD = "gnu++20";
				CLANG_ENABLE_MODULES = YES;
				CLANG_ENABLE_OBJC_ARC = YES;
				CLANG_ENABLE_OBJC_WEAK = YES;
				CLANG_WARN_BLOCK_CAPTURE_AUTORELEASING = YES;
				CLANG_WARN_BOOL_CONVERSION = YES;
				CLANG_WARN_COMMA = YES;
				CLANG_WARN_CONSTANT_CONVERSION = YES;
				CLANG_WARN_DEPRECATED_OBJC_IMPLEMENTATIONS = YES;
				CLANG_WARN_DIRECT_OBJC_ISA_USAGE = YES_ERROR;
				CLANG_WARN_DOCUMENTATION_COMMENTS = YES;
				CLANG_WARN_EMPTY_BODY = YES;
				CLANG_WARN_ENUM_CONVERSION = YES;
				CLANG_WARN_INFINITE_RECURSION = YES;
				CLANG_WARN_INT_CONVERSION = YES;
				CLANG_WARN_NON_LITERAL_NULL_CONVERSION = YES;
				CLANG_WARN_OBJC_IMPLICIT_RETAIN_SELF = YES;
				CLANG_WARN_OBJC_LITERAL_CONVERSION = YES;
				CLANG_WARN_OBJC_ROOT_CLASS = YES_ERROR;
				CLANG_WARN_QUOTED_INCLUDE_IN_FRAMEWORK_HEADER = YES;
				CLANG_WARN_RANGE_LOOP_ANALYSIS = YES;
				CLANG_WARN_STRICT_PROTOTYPES = YES;
				CLANG_WARN_SUSPICIOUS_MOVE = YES;
				CLANG_WARN_UNGUARDED_AVAILABILITY = YES_AGGRESSIVE;
				CLANG_WARN_UNREACHABLE_CODE = YES;
				CLANG_WARN__DUPLICATE_METHOD_MATCH = YES;
				COPY_PHASE_STRIP = NO;
				DEBUG_INFORMATION_FORMAT = "dwarf-with-dsym";
				ENABLE_NS_ASSERTIONS = NO;
				ENABLE_STRICT_OBJC_MSGSEND = YES;
				GCC_C_LANGUAGE_STANDARD = gnu11;
				GCC_NO_COMMON_BLOCKS = YES;
				GCC_WARN_64_TO_32_BIT_CONVERSION = YES;
				GCC_WARN_ABOUT_RETURN_TYPE = YES_ERROR;
				GCC_WARN_UNDECLARED_SELECTOR = YES;
				GCC_WARN_UNINITIALIZED_AUTOS = YES_AGGRESSIVE;
				GCC_WARN_UNUSED_FUNCTION = YES;
				GCC_WARN_UNUSED_VARIABLE = YES;
				IPHONEOS_DEPLOYMENT_TARGET = 16.1;
				MTL_ENABLE_DEBUG_INFO = NO;
				MTL_FAST_MATH = YES;
				SDKROOT = iphoneos;
				SWIFT_COMPILATION_MODE = wholemodule;
				SWIFT_OPTIMIZATION_LEVEL = "-O";
				VALIDATE_PRODUCT = YES;
			};
			name = Release;
		};
		117F09F6297FFD520058EE17 /* Debug */ = {
			isa = XCBuildConfiguration;
			buildSettings = {
				ASSETCATALOG_COMPILER_APPICON_NAME = AppIcon;
				ASSETCATALOG_COMPILER_GLOBAL_ACCENT_COLOR_NAME = AccentColor;
				CODE_SIGN_STYLE = Automatic;
				CURRENT_PROJECT_VERSION = 1;
				GENERATE_INFOPLIST_FILE = YES;
				INFOPLIST_FILE = ChatApp/Info.plist;
				INFOPLIST_KEY_UIApplicationSupportsIndirectInputEvents = YES;
				INFOPLIST_KEY_UILaunchStoryboardName = LaunchScreen;
				INFOPLIST_KEY_UIMainStoryboardFile = Main;
				INFOPLIST_KEY_UISupportedInterfaceOrientations_iPad = "UIInterfaceOrientationPortrait UIInterfaceOrientationPortraitUpsideDown UIInterfaceOrientationLandscapeLeft UIInterfaceOrientationLandscapeRight";
				INFOPLIST_KEY_UISupportedInterfaceOrientations_iPhone = "UIInterfaceOrientationPortrait UIInterfaceOrientationLandscapeLeft UIInterfaceOrientationLandscapeRight";
				LD_RUNPATH_SEARCH_PATHS = (
					"$(inherited)",
					"@executable_path/Frameworks",
				);
				MARKETING_VERSION = 1.0;
				PRODUCT_BUNDLE_IDENTIFIER = nikihal.ChatApp;
				PRODUCT_NAME = "$(TARGET_NAME)";
				SWIFT_EMIT_LOC_STRINGS = YES;
				SWIFT_VERSION = 5.0;
				TARGETED_DEVICE_FAMILY = "1,2";
			};
			name = Debug;
		};
		117F09F7297FFD520058EE17 /* Release */ = {
			isa = XCBuildConfiguration;
			buildSettings = {
				ASSETCATALOG_COMPILER_APPICON_NAME = AppIcon;
				ASSETCATALOG_COMPILER_GLOBAL_ACCENT_COLOR_NAME = AccentColor;
				CODE_SIGN_STYLE = Automatic;
				CURRENT_PROJECT_VERSION = 1;
				GENERATE_INFOPLIST_FILE = YES;
				INFOPLIST_FILE = ChatApp/Info.plist;
				INFOPLIST_KEY_UIApplicationSupportsIndirectInputEvents = YES;
				INFOPLIST_KEY_UILaunchStoryboardName = LaunchScreen;
				INFOPLIST_KEY_UIMainStoryboardFile = Main;
				INFOPLIST_KEY_UISupportedInterfaceOrientations_iPad = "UIInterfaceOrientationPortrait UIInterfaceOrientationPortraitUpsideDown UIInterfaceOrientationLandscapeLeft UIInterfaceOrientationLandscapeRight";
				INFOPLIST_KEY_UISupportedInterfaceOrientations_iPhone = "UIInterfaceOrientationPortrait UIInterfaceOrientationLandscapeLeft UIInterfaceOrientationLandscapeRight";
				LD_RUNPATH_SEARCH_PATHS = (
					"$(inherited)",
					"@executable_path/Frameworks",
				);
				MARKETING_VERSION = 1.0;
				PRODUCT_BUNDLE_IDENTIFIER = nikihal.ChatApp;
				PRODUCT_NAME = "$(TARGET_NAME)";
				SWIFT_EMIT_LOC_STRINGS = YES;
				SWIFT_VERSION = 5.0;
				TARGETED_DEVICE_FAMILY = "1,2";
			};
			name = Release;
		};
		117F09F9297FFD520058EE17 /* Debug */ = {
			isa = XCBuildConfiguration;
			buildSettings = {
				ALWAYS_EMBED_SWIFT_STANDARD_LIBRARIES = YES;
				BUNDLE_LOADER = "$(TEST_HOST)";
				CODE_SIGN_STYLE = Automatic;
				CURRENT_PROJECT_VERSION = 1;
				GENERATE_INFOPLIST_FILE = YES;
				IPHONEOS_DEPLOYMENT_TARGET = 16.1;
				MARKETING_VERSION = 1.0;
				PRODUCT_BUNDLE_IDENTIFIER = nikihal.ChatAppTests;
				PRODUCT_NAME = "$(TARGET_NAME)";
				SWIFT_EMIT_LOC_STRINGS = NO;
				SWIFT_VERSION = 5.0;
				TARGETED_DEVICE_FAMILY = "1,2";
				TEST_HOST = "$(BUILT_PRODUCTS_DIR)/ChatApp.app/$(BUNDLE_EXECUTABLE_FOLDER_PATH)/ChatApp";
			};
			name = Debug;
		};
		117F09FA297FFD520058EE17 /* Release */ = {
			isa = XCBuildConfiguration;
			buildSettings = {
				ALWAYS_EMBED_SWIFT_STANDARD_LIBRARIES = YES;
				BUNDLE_LOADER = "$(TEST_HOST)";
				CODE_SIGN_STYLE = Automatic;
				CURRENT_PROJECT_VERSION = 1;
				GENERATE_INFOPLIST_FILE = YES;
				IPHONEOS_DEPLOYMENT_TARGET = 16.1;
				MARKETING_VERSION = 1.0;
				PRODUCT_BUNDLE_IDENTIFIER = nikihal.ChatAppTests;
				PRODUCT_NAME = "$(TARGET_NAME)";
				SWIFT_EMIT_LOC_STRINGS = NO;
				SWIFT_VERSION = 5.0;
				TARGETED_DEVICE_FAMILY = "1,2";
				TEST_HOST = "$(BUILT_PRODUCTS_DIR)/ChatApp.app/$(BUNDLE_EXECUTABLE_FOLDER_PATH)/ChatApp";
			};
			name = Release;
		};
		117F09FC297FFD520058EE17 /* Debug */ = {
			isa = XCBuildConfiguration;
			buildSettings = {
				ALWAYS_EMBED_SWIFT_STANDARD_LIBRARIES = YES;
				CODE_SIGN_STYLE = Automatic;
				CURRENT_PROJECT_VERSION = 1;
				GENERATE_INFOPLIST_FILE = YES;
				MARKETING_VERSION = 1.0;
				PRODUCT_BUNDLE_IDENTIFIER = nikihal.ChatAppUITests;
				PRODUCT_NAME = "$(TARGET_NAME)";
				SWIFT_EMIT_LOC_STRINGS = NO;
				SWIFT_VERSION = 5.0;
				TARGETED_DEVICE_FAMILY = "1,2";
				TEST_TARGET_NAME = ChatApp;
			};
			name = Debug;
		};
		117F09FD297FFD520058EE17 /* Release */ = {
			isa = XCBuildConfiguration;
			buildSettings = {
				ALWAYS_EMBED_SWIFT_STANDARD_LIBRARIES = YES;
				CODE_SIGN_STYLE = Automatic;
				CURRENT_PROJECT_VERSION = 1;
				GENERATE_INFOPLIST_FILE = YES;
				MARKETING_VERSION = 1.0;
				PRODUCT_BUNDLE_IDENTIFIER = nikihal.ChatAppUITests;
				PRODUCT_NAME = "$(TARGET_NAME)";
				SWIFT_EMIT_LOC_STRINGS = NO;
				SWIFT_VERSION = 5.0;
				TARGETED_DEVICE_FAMILY = "1,2";
				TEST_TARGET_NAME = ChatApp;
			};
			name = Release;
		};
/* End XCBuildConfiguration section */

/* Begin XCConfigurationList section */
		117F09C6297FFD500058EE17 /* Build configuration list for PBXProject "ChatApp" */ = {
			isa = XCConfigurationList;
			buildConfigurations = (
				117F09F3297FFD520058EE17 /* Debug */,
				117F09F4297FFD520058EE17 /* Release */,
			);
			defaultConfigurationIsVisible = 0;
			defaultConfigurationName = Release;
		};
		117F09F5297FFD520058EE17 /* Build configuration list for PBXNativeTarget "ChatApp" */ = {
			isa = XCConfigurationList;
			buildConfigurations = (
				117F09F6297FFD520058EE17 /* Debug */,
				117F09F7297FFD520058EE17 /* Release */,
			);
			defaultConfigurationIsVisible = 0;
			defaultConfigurationName = Release;
		};
		117F09F8297FFD520058EE17 /* Build configuration list for PBXNativeTarget "ChatAppTests" */ = {
			isa = XCConfigurationList;
			buildConfigurations = (
				117F09F9297FFD520058EE17 /* Debug */,
				117F09FA297FFD520058EE17 /* Release */,
			);
			defaultConfigurationIsVisible = 0;
			defaultConfigurationName = Release;
		};
		117F09FB297FFD520058EE17 /* Build configuration list for PBXNativeTarget "ChatAppUITests" */ = {
			isa = XCConfigurationList;
			buildConfigurations = (
				117F09FC297FFD520058EE17 /* Debug */,
				117F09FD297FFD520058EE17 /* Release */,
			);
			defaultConfigurationIsVisible = 0;
			defaultConfigurationName = Release;
		};
/* End XCConfigurationList section */
	};
	rootObject = 117F09C3297FFD500058EE17 /* Project object */;
}
